
Microsoft Visual Studio Solution File, Format Version 12.00
# Visual Studio Version 17
VisualStudioVersion = 17.14.36127.28 d17.14
MinimumVisualStudioVersion = 10.0.40219.1
Project("{FAE04EC0-301F-11D3-BF4B-00C04F79EFBC}") = "PatikaOdev9", "PatikaOdev9\PatikaOdev9.csproj", "{AF0DB2E0-D904-4842-95A4-BBCD4D866ACD}"
EndProject
Global
	GlobalSection(SolutionConfigurationPlatforms) = preSolution
		Debug|Any CPU = Debug|Any CPU
		Release|Any CPU = Release|Any CPU
	EndGlobalSection
	GlobalSection(ProjectConfigurationPlatforms) = postSolution
		{AF0DB2E0-D904-4842-95A4-BBCD4D866ACD}.Debug|Any CPU.ActiveCfg = Debug|Any CPU
		{AF0DB2E0-D904-4842-95A4-BBCD4D866ACD}.Debug|Any CPU.Build.0 = Debug|Any CPU
		{AF0DB2E0-D904-4842-95A4-BBCD4D866ACD}.Release|Any CPU.ActiveCfg = Release|Any CPU
		{AF0DB2E0-D904-4842-95A4-BBCD4D866ACD}.Release|Any CPU.Build.0 = Release|Any CPU
	EndGlobalSection
	GlobalSection(SolutionProperties) = preSolution
		HideSolutionNode = FALSE
	EndGlobalSection
	GlobalSection(ExtensibilityGlobals) = postSolution
		SolutionGuid = {F3DA7B48-42A5-42A4-8954-D8F199D0594E}
	EndGlobalSection
EndGlobal
